// !$*UTF8*$!
{
	archiveVersion = 1;
	classes = {
	};
	objectVersion = 46;
	objects = {

/* Begin PBXBuildFile section */
		EF1BB2CB5BD30E63B4C0A0EA /* Pods_LSPDouYuTV.framework in Frameworks */ = {isa = PBXBuildFile; fileRef = 6FB6933091EDC96C40B5A3A1 /* Pods_LSPDouYuTV.framework */; };
		F32F82B21E650DAF006500F8 /* LSHomeViewController.swift in Sources */ = {isa = PBXBuildFile; fileRef = F32F82B11E650DAF006500F8 /* LSHomeViewController.swift */; };
		F32F82B51E651352006500F8 /* UIBarButtonItem+Extension.swift in Sources */ = {isa = PBXBuildFile; fileRef = F32F82B41E651352006500F8 /* UIBarButtonItem+Extension.swift */; };
		F32F82B71E651BD7006500F8 /* LSPageTitleView.swift in Sources */ = {isa = PBXBuildFile; fileRef = F32F82B61E651BD7006500F8 /* LSPageTitleView.swift */; };
		F32F82B91E651D98006500F8 /* Common.swift in Sources */ = {isa = PBXBuildFile; fileRef = F32F82B81E651D98006500F8 /* Common.swift */; };
		F32F82BB1E6528AD006500F8 /* LSPageContentView.swift in Sources */ = {isa = PBXBuildFile; fileRef = F32F82BA1E6528AD006500F8 /* LSPageContentView.swift */; };
		F32F82BD1E652C36006500F8 /* UIColor+Extension.swift in Sources */ = {isa = PBXBuildFile; fileRef = F32F82BC1E652C36006500F8 /* UIColor+Extension.swift */; };
		F32F82BF1E6581CC006500F8 /* LSRecommendViewController.swift in Sources */ = {isa = PBXBuildFile; fileRef = F32F82BE1E6581CB006500F8 /* LSRecommendViewController.swift */; };
		F32F82C21E666C6A006500F8 /* LSCollectionHeaderView.swift in Sources */ = {isa = PBXBuildFile; fileRef = F32F82C01E666C6A006500F8 /* LSCollectionHeaderView.swift */; };
		F32F82C31E666C6A006500F8 /* LSCollectionHeaderView.xib in Resources */ = {isa = PBXBuildFile; fileRef = F32F82C11E666C6A006500F8 /* LSCollectionHeaderView.xib */; };
		F32F82C61E667066006500F8 /* LSCollectionNormalCell.swift in Sources */ = {isa = PBXBuildFile; fileRef = F32F82C41E667066006500F8 /* LSCollectionNormalCell.swift */; };
		F32F82C71E667066006500F8 /* LSCollectionNormalCell.xib in Resources */ = {isa = PBXBuildFile; fileRef = F32F82C51E667066006500F8 /* LSCollectionNormalCell.xib */; };
		F365787A1E69412A00F872C3 /* LSGameModel.swift in Sources */ = {isa = PBXBuildFile; fileRef = F36578791E69412A00F872C3 /* LSGameModel.swift */; };
		F365787C1E6942B100F872C3 /* LSBaseGameModel.swift in Sources */ = {isa = PBXBuildFile; fileRef = F365787B1E6942B100F872C3 /* LSBaseGameModel.swift */; };
		F38928631E681BE000C3CEDA /* LSRecommendCycleView.swift in Sources */ = {isa = PBXBuildFile; fileRef = F38928621E681BE000C3CEDA /* LSRecommendCycleView.swift */; };
		F38928651E681C1400C3CEDA /* LSRecommendCycleView.xib in Resources */ = {isa = PBXBuildFile; fileRef = F38928641E681C1400C3CEDA /* LSRecommendCycleView.xib */; };
		F38928671E682BD200C3CEDA /* LSCycleModel.swift in Sources */ = {isa = PBXBuildFile; fileRef = F38928661E682BD200C3CEDA /* LSCycleModel.swift */; };
		F389286A1E6830C500C3CEDA /* LSCycleCollectionViewCell.swift in Sources */ = {isa = PBXBuildFile; fileRef = F38928681E6830C500C3CEDA /* LSCycleCollectionViewCell.swift */; };
		F389286B1E6830C500C3CEDA /* LSCycleCollectionViewCell.xib in Resources */ = {isa = PBXBuildFile; fileRef = F38928691E6830C500C3CEDA /* LSCycleCollectionViewCell.xib */; };
		F3949C571E642C180017FCE2 /* AppDelegate.swift in Sources */ = {isa = PBXBuildFile; fileRef = F3949C561E642C180017FCE2 /* AppDelegate.swift */; };
		F3949C5C1E642C180017FCE2 /* Main.storyboard in Resources */ = {isa = PBXBuildFile; fileRef = F3949C5A1E642C180017FCE2 /* Main.storyboard */; };
		F3949C5E1E642C180017FCE2 /* Assets.xcassets in Resources */ = {isa = PBXBuildFile; fileRef = F3949C5D1E642C180017FCE2 /* Assets.xcassets */; };
		F3949C611E642C180017FCE2 /* LaunchScreen.storyboard in Resources */ = {isa = PBXBuildFile; fileRef = F3949C5F1E642C180017FCE2 /* LaunchScreen.storyboard */; };
		F3993CE61E6901D400348E51 /* LSRecommendGameView.swift in Sources */ = {isa = PBXBuildFile; fileRef = F3993CE51E6901D400348E51 /* LSRecommendGameView.swift */; };
		F3993CE81E6901E300348E51 /* LSRecommendGameView.xib in Resources */ = {isa = PBXBuildFile; fileRef = F3993CE71E6901E300348E51 /* LSRecommendGameView.xib */; };
		F3993CEB1E6908F100348E51 /* LSCollectionGameCell.swift in Sources */ = {isa = PBXBuildFile; fileRef = F3993CE91E6908F100348E51 /* LSCollectionGameCell.swift */; };
		F3993CEC1E6908F100348E51 /* LSCollectionGameCell.xib in Resources */ = {isa = PBXBuildFile; fileRef = F3993CEA1E6908F100348E51 /* LSCollectionGameCell.xib */; };
		F3993CEE1E6919BB00348E51 /* LSGameViewController.swift in Sources */ = {isa = PBXBuildFile; fileRef = F3993CED1E6919BB00348E51 /* LSGameViewController.swift */; };
		F3993CF01E693E9400348E51 /* LSGameViewModel.swift in Sources */ = {isa = PBXBuildFile; fileRef = F3993CEF1E693E9300348E51 /* LSGameViewModel.swift */; };
		F3B8092A1E6677C500AF7F00 /* LSCollectionPrettyCell.swift in Sources */ = {isa = PBXBuildFile; fileRef = F3B809281E6677C500AF7F00 /* LSCollectionPrettyCell.swift */; };
		F3B8092B1E6677C500AF7F00 /* LSCollectionPrettyCell.xib in Resources */ = {isa = PBXBuildFile; fileRef = F3B809291E6677C500AF7F00 /* LSCollectionPrettyCell.xib */; };
		F3B8094F1E66B93A00AF7F00 /* NetworkTools.swift in Sources */ = {isa = PBXBuildFile; fileRef = F3B8094E1E66B93A00AF7F00 /* NetworkTools.swift */; };
		F3B809521E66BCFE00AF7F00 /* LSRecommendViewModel.swift in Sources */ = {isa = PBXBuildFile; fileRef = F3B809511E66BCFE00AF7F00 /* LSRecommendViewModel.swift */; };
		F3B809541E66C30B00AF7F00 /* NSDate+Extension.swift in Sources */ = {isa = PBXBuildFile; fileRef = F3B809531E66C30B00AF7F00 /* NSDate+Extension.swift */; };
		F3B809561E66C8C900AF7F00 /* LSAnchorGroup.swift in Sources */ = {isa = PBXBuildFile; fileRef = F3B809551E66C8C900AF7F00 /* LSAnchorGroup.swift */; };
		F3B809581E66CD1F00AF7F00 /* LSAnchorModel.swift in Sources */ = {isa = PBXBuildFile; fileRef = F3B809571E66CD1F00AF7F00 /* LSAnchorModel.swift */; };
		F3E13D9D1E6445460053978C /* LSMainViewController.swift in Sources */ = {isa = PBXBuildFile; fileRef = F3E13D9C1E6445460053978C /* LSMainViewController.swift */; };
		F3E13D9F1E6445AD0053978C /* Home.storyboard in Resources */ = {isa = PBXBuildFile; fileRef = F3E13D9E1E6445AD0053978C /* Home.storyboard */; };
		F3E13DA31E6445C00053978C /* Follow.storyboard in Resources */ = {isa = PBXBuildFile; fileRef = F3E13DA21E6445C00053978C /* Follow.storyboard */; };
		F3E13DA51E6445C60053978C /* Mine.storyboard in Resources */ = {isa = PBXBuildFile; fileRef = F3E13DA41E6445C60053978C /* Mine.storyboard */; };
		F3E13DA71E64480E0053978C /* Live.storyboard in Resources */ = {isa = PBXBuildFile; fileRef = F3E13DA61E64480E0053978C /* Live.storyboard */; };
		F3E2E1831E66F22E00CA8965 /* LSBaseCollectionViewCell.swift in Sources */ = {isa = PBXBuildFile; fileRef = F3E2E1821E66F22E00CA8965 /* LSBaseCollectionViewCell.swift */; };
/* End PBXBuildFile section */

/* Begin PBXFileReference section */
		505666D1BAB7CF7B899D2D8B /* Pods-LSPDouYuTV.debug.xcconfig */ = {isa = PBXFileReference; includeInIndex = 1; lastKnownFileType = text.xcconfig; name = "Pods-LSPDouYuTV.debug.xcconfig"; path = "Pods/Target Support Files/Pods-LSPDouYuTV/Pods-LSPDouYuTV.debug.xcconfig"; sourceTree = "<group>"; };
		6FB6933091EDC96C40B5A3A1 /* Pods_LSPDouYuTV.framework */ = {isa = PBXFileReference; explicitFileType = wrapper.framework; includeInIndex = 0; path = Pods_LSPDouYuTV.framework; sourceTree = BUILT_PRODUCTS_DIR; };
		85C4974840A8D97C9283B22F /* Pods-LSPDouYuTV.release.xcconfig */ = {isa = PBXFileReference; includeInIndex = 1; lastKnownFileType = text.xcconfig; name = "Pods-LSPDouYuTV.release.xcconfig"; path = "Pods/Target Support Files/Pods-LSPDouYuTV/Pods-LSPDouYuTV.release.xcconfig"; sourceTree = "<group>"; };
		F32F82B11E650DAF006500F8 /* LSHomeViewController.swift */ = {isa = PBXFileReference; fileEncoding = 4; lastKnownFileType = sourcecode.swift; path = LSHomeViewController.swift; sourceTree = "<group>"; };
		F32F82B41E651352006500F8 /* UIBarButtonItem+Extension.swift */ = {isa = PBXFileReference; fileEncoding = 4; lastKnownFileType = sourcecode.swift; path = "UIBarButtonItem+Extension.swift"; sourceTree = "<group>"; };
		F32F82B61E651BD7006500F8 /* LSPageTitleView.swift */ = {isa = PBXFileReference; fileEncoding = 4; lastKnownFileType = sourcecode.swift; path = LSPageTitleView.swift; sourceTree = "<group>"; };
		F32F82B81E651D98006500F8 /* Common.swift */ = {isa = PBXFileReference; fileEncoding = 4; lastKnownFileType = sourcecode.swift; name = Common.swift; path = Classes/Tools/Extension/Common.swift; sourceTree = "<group>"; };
		F32F82BA1E6528AD006500F8 /* LSPageContentView.swift */ = {isa = PBXFileReference; fileEncoding = 4; lastKnownFileType = sourcecode.swift; path = LSPageContentView.swift; sourceTree = "<group>"; };
		F32F82BC1E652C36006500F8 /* UIColor+Extension.swift */ = {isa = PBXFileReference; fileEncoding = 4; lastKnownFileType = sourcecode.swift; path = "UIColor+Extension.swift"; sourceTree = "<group>"; };
		F32F82BE1E6581CB006500F8 /* LSRecommendViewController.swift */ = {isa = PBXFileReference; fileEncoding = 4; lastKnownFileType = sourcecode.swift; path = LSRecommendViewController.swift; sourceTree = "<group>"; };
		F32F82C01E666C6A006500F8 /* LSCollectionHeaderView.swift */ = {isa = PBXFileReference; fileEncoding = 4; lastKnownFileType = sourcecode.swift; name = LSCollectionHeaderView.swift; path = ../../Home/View/LSCollectionHeaderView.swift; sourceTree = "<group>"; };
		F32F82C11E666C6A006500F8 /* LSCollectionHeaderView.xib */ = {isa = PBXFileReference; fileEncoding = 4; lastKnownFileType = file.xib; name = LSCollectionHeaderView.xib; path = ../../Home/View/LSCollectionHeaderView.xib; sourceTree = "<group>"; };
		F32F82C41E667066006500F8 /* LSCollectionNormalCell.swift */ = {isa = PBXFileReference; fileEncoding = 4; lastKnownFileType = sourcecode.swift; path = LSCollectionNormalCell.swift; sourceTree = "<group>"; };
		F32F82C51E667066006500F8 /* LSCollectionNormalCell.xib */ = {isa = PBXFileReference; fileEncoding = 4; lastKnownFileType = file.xib; path = LSCollectionNormalCell.xib; sourceTree = "<group>"; };
		F36578791E69412A00F872C3 /* LSGameModel.swift */ = {isa = PBXFileReference; fileEncoding = 4; lastKnownFileType = sourcecode.swift; path = LSGameModel.swift; sourceTree = "<group>"; };
		F365787B1E6942B100F872C3 /* LSBaseGameModel.swift */ = {isa = PBXFileReference; fileEncoding = 4; lastKnownFileType = sourcecode.swift; path = LSBaseGameModel.swift; sourceTree = "<group>"; };
		F38928621E681BE000C3CEDA /* LSRecommendCycleView.swift */ = {isa = PBXFileReference; fileEncoding = 4; lastKnownFileType = sourcecode.swift; path = LSRecommendCycleView.swift; sourceTree = "<group>"; };
		F38928641E681C1400C3CEDA /* LSRecommendCycleView.xib */ = {isa = PBXFileReference; fileEncoding = 4; lastKnownFileType = file.xib; path = LSRecommendCycleView.xib; sourceTree = "<group>"; };
		F38928661E682BD200C3CEDA /* LSCycleModel.swift */ = {isa = PBXFileReference; fileEncoding = 4; lastKnownFileType = sourcecode.swift; path = LSCycleModel.swift; sourceTree = "<group>"; };
		F38928681E6830C500C3CEDA /* LSCycleCollectionViewCell.swift */ = {isa = PBXFileReference; fileEncoding = 4; lastKnownFileType = sourcecode.swift; path = LSCycleCollectionViewCell.swift; sourceTree = "<group>"; };
		F38928691E6830C500C3CEDA /* LSCycleCollectionViewCell.xib */ = {isa = PBXFileReference; fileEncoding = 4; lastKnownFileType = file.xib; path = LSCycleCollectionViewCell.xib; sourceTree = "<group>"; };
		F3949C531E642C180017FCE2 /* LSPDouYuTV.app */ = {isa = PBXFileReference; explicitFileType = wrapper.application; includeInIndex = 0; path = LSPDouYuTV.app; sourceTree = BUILT_PRODUCTS_DIR; };
		F3949C561E642C180017FCE2 /* AppDelegate.swift */ = {isa = PBXFileReference; lastKnownFileType = sourcecode.swift; path = AppDelegate.swift; sourceTree = "<group>"; };
		F3949C5B1E642C180017FCE2 /* Base */ = {isa = PBXFileReference; lastKnownFileType = file.storyboard; name = Base; path = Base.lproj/Main.storyboard; sourceTree = "<group>"; };
		F3949C5D1E642C180017FCE2 /* Assets.xcassets */ = {isa = PBXFileReference; lastKnownFileType = folder.assetcatalog; path = Assets.xcassets; sourceTree = "<group>"; };
		F3949C601E642C180017FCE2 /* Base */ = {isa = PBXFileReference; lastKnownFileType = file.storyboard; name = Base; path = Base.lproj/LaunchScreen.storyboard; sourceTree = "<group>"; };
		F3949C621E642C180017FCE2 /* Info.plist */ = {isa = PBXFileReference; lastKnownFileType = text.plist.xml; path = Info.plist; sourceTree = "<group>"; };
		F3993CE51E6901D400348E51 /* LSRecommendGameView.swift */ = {isa = PBXFileReference; fileEncoding = 4; lastKnownFileType = sourcecode.swift; path = LSRecommendGameView.swift; sourceTree = "<group>"; };
		F3993CE71E6901E300348E51 /* LSRecommendGameView.xib */ = {isa = PBXFileReference; fileEncoding = 4; lastKnownFileType = file.xib; path = LSRecommendGameView.xib; sourceTree = "<group>"; };
		F3993CE91E6908F100348E51 /* LSCollectionGameCell.swift */ = {isa = PBXFileReference; fileEncoding = 4; lastKnownFileType = sourcecode.swift; path = LSCollectionGameCell.swift; sourceTree = "<group>"; };
		F3993CEA1E6908F100348E51 /* LSCollectionGameCell.xib */ = {isa = PBXFileReference; fileEncoding = 4; lastKnownFileType = file.xib; path = LSCollectionGameCell.xib; sourceTree = "<group>"; };
		F3993CED1E6919BB00348E51 /* LSGameViewController.swift */ = {isa = PBXFileReference; fileEncoding = 4; lastKnownFileType = sourcecode.swift; path = LSGameViewController.swift; sourceTree = "<group>"; };
		F3993CEF1E693E9300348E51 /* LSGameViewModel.swift */ = {isa = PBXFileReference; fileEncoding = 4; lastKnownFileType = sourcecode.swift; path = LSGameViewModel.swift; sourceTree = "<group>"; };
		F3B809281E6677C500AF7F00 /* LSCollectionPrettyCell.swift */ = {isa = PBXFileReference; fileEncoding = 4; lastKnownFileType = sourcecode.swift; path = LSCollectionPrettyCell.swift; sourceTree = "<group>"; };
		F3B809291E6677C500AF7F00 /* LSCollectionPrettyCell.xib */ = {isa = PBXFileReference; fileEncoding = 4; lastKnownFileType = file.xib; path = LSCollectionPrettyCell.xib; sourceTree = "<group>"; };
		F3B8094E1E66B93A00AF7F00 /* NetworkTools.swift */ = {isa = PBXFileReference; fileEncoding = 4; lastKnownFileType = sourcecode.swift; path = NetworkTools.swift; sourceTree = "<group>"; };
		F3B809511E66BCFE00AF7F00 /* LSRecommendViewModel.swift */ = {isa = PBXFileReference; fileEncoding = 4; lastKnownFileType = sourcecode.swift; path = LSRecommendViewModel.swift; sourceTree = "<group>"; };
		F3B809531E66C30B00AF7F00 /* NSDate+Extension.swift */ = {isa = PBXFileReference; fileEncoding = 4; lastKnownFileType = sourcecode.swift; path = "NSDate+Extension.swift"; sourceTree = "<group>"; };
		F3B809551E66C8C900AF7F00 /* LSAnchorGroup.swift */ = {isa = PBXFileReference; fileEncoding = 4; lastKnownFileType = sourcecode.swift; path = LSAnchorGroup.swift; sourceTree = "<group>"; };
		F3B809571E66CD1F00AF7F00 /* LSAnchorModel.swift */ = {isa = PBXFileReference; fileEncoding = 4; lastKnownFileType = sourcecode.swift; path = LSAnchorModel.swift; sourceTree = "<group>"; };
		F3E13D9C1E6445460053978C /* LSMainViewController.swift */ = {isa = PBXFileReference; fileEncoding = 4; lastKnownFileType = sourcecode.swift; name = LSMainViewController.swift; path = ../LSMainViewController.swift; sourceTree = "<group>"; };
		F3E13D9E1E6445AD0053978C /* Home.storyboard */ = {isa = PBXFileReference; fileEncoding = 4; lastKnownFileType = file.storyboard; name = Home.storyboard; path = ../Home.storyboard; sourceTree = "<group>"; };
		F3E13DA21E6445C00053978C /* Follow.storyboard */ = {isa = PBXFileReference; fileEncoding = 4; lastKnownFileType = file.storyboard; path = Follow.storyboard; sourceTree = "<group>"; };
		F3E13DA41E6445C60053978C /* Mine.storyboard */ = {isa = PBXFileReference; fileEncoding = 4; lastKnownFileType = file.storyboard; path = Mine.storyboard; sourceTree = "<group>"; };
		F3E13DA61E64480E0053978C /* Live.storyboard */ = {isa = PBXFileReference; fileEncoding = 4; lastKnownFileType = file.storyboard; path = Live.storyboard; sourceTree = "<group>"; };
		F3E2E1821E66F22E00CA8965 /* LSBaseCollectionViewCell.swift */ = {isa = PBXFileReference; fileEncoding = 4; lastKnownFileType = sourcecode.swift; path = LSBaseCollectionViewCell.swift; sourceTree = "<group>"; };
/* End PBXFileReference section */

/* Begin PBXFrameworksBuildPhase section */
		F3949C501E642C180017FCE2 /* Frameworks */ = {
			isa = PBXFrameworksBuildPhase;
			buildActionMask = 2147483647;
			files = (
				EF1BB2CB5BD30E63B4C0A0EA /* Pods_LSPDouYuTV.framework in Frameworks */,
			);
			runOnlyForDeploymentPostprocessing = 0;
		};
/* End PBXFrameworksBuildPhase section */

/* Begin PBXGroup section */
		7D7726F33F54EE3168DF19D1 /* Frameworks */ = {
			isa = PBXGroup;
			children = (
				6FB6933091EDC96C40B5A3A1 /* Pods_LSPDouYuTV.framework */,
			);
			name = Frameworks;
			sourceTree = "<group>";
		};
		A638C3589BECE6493AA4DBA2 /* Pods */ = {
			isa = PBXGroup;
			children = (
				505666D1BAB7CF7B899D2D8B /* Pods-LSPDouYuTV.debug.xcconfig */,
				85C4974840A8D97C9283B22F /* Pods-LSPDouYuTV.release.xcconfig */,
			);
			name = Pods;
			sourceTree = "<group>";
		};
		F32F82AB1E650C7D006500F8 /* Controller */ = {
			isa = PBXGroup;
			children = (
				F3E13D9E1E6445AD0053978C /* Home.storyboard */,
				F32F82B11E650DAF006500F8 /* LSHomeViewController.swift */,
				F32F82BE1E6581CB006500F8 /* LSRecommendViewController.swift */,
				F3993CED1E6919BB00348E51 /* LSGameViewController.swift */,
			);
			path = Controller;
			sourceTree = "<group>";
		};
		F32F82AC1E650C7D006500F8 /* Model */ = {
			isa = PBXGroup;
			children = (
				F38928661E682BD200C3CEDA /* LSCycleModel.swift */,
				F36578791E69412A00F872C3 /* LSGameModel.swift */,
			);
			path = Model;
			sourceTree = "<group>";
		};
		F32F82AD1E650C7D006500F8 /* View */ = {
			isa = PBXGroup;
			children = (
				F38928621E681BE000C3CEDA /* LSRecommendCycleView.swift */,
				F38928641E681C1400C3CEDA /* LSRecommendCycleView.xib */,
				F38928681E6830C500C3CEDA /* LSCycleCollectionViewCell.swift */,
				F38928691E6830C500C3CEDA /* LSCycleCollectionViewCell.xib */,
				F3993CE51E6901D400348E51 /* LSRecommendGameView.swift */,
				F3993CE71E6901E300348E51 /* LSRecommendGameView.xib */,
				F3993CE91E6908F100348E51 /* LSCollectionGameCell.swift */,
				F3993CEA1E6908F100348E51 /* LSCollectionGameCell.xib */,
			);
			path = View;
			sourceTree = "<group>";
		};
		F32F82AE1E650D6B006500F8 /* Controller */ = {
			isa = PBXGroup;
			children = (
				F3949C5A1E642C180017FCE2 /* Main.storyboard */,
				F3E13D9C1E6445460053978C /* LSMainViewController.swift */,
			);
			path = Controller;
			sourceTree = "<group>";
		};
		F32F82AF1E650D6B006500F8 /* Model */ = {
			isa = PBXGroup;
			children = (
				F3B809551E66C8C900AF7F00 /* LSAnchorGroup.swift */,
				F3B809571E66CD1F00AF7F00 /* LSAnchorModel.swift */,
				F365787B1E6942B100F872C3 /* LSBaseGameModel.swift */,
			);
			path = Model;
			sourceTree = "<group>";
		};
		F32F82B01E650D6B006500F8 /* View */ = {
			isa = PBXGroup;
			children = (
				F32F82B61E651BD7006500F8 /* LSPageTitleView.swift */,
				F32F82BA1E6528AD006500F8 /* LSPageContentView.swift */,
				F32F82C41E667066006500F8 /* LSCollectionNormalCell.swift */,
				F32F82C51E667066006500F8 /* LSCollectionNormalCell.xib */,
				F32F82C01E666C6A006500F8 /* LSCollectionHeaderView.swift */,
				F32F82C11E666C6A006500F8 /* LSCollectionHeaderView.xib */,
				F3B809281E6677C500AF7F00 /* LSCollectionPrettyCell.swift */,
				F3B809291E6677C500AF7F00 /* LSCollectionPrettyCell.xib */,
				F3E2E1821E66F22E00CA8965 /* LSBaseCollectionViewCell.swift */,
			);
			path = View;
			sourceTree = "<group>";
		};
		F32F82B31E65132B006500F8 /* Extension */ = {
			isa = PBXGroup;
			children = (
				F32F82B41E651352006500F8 /* UIBarButtonItem+Extension.swift */,
				F32F82BC1E652C36006500F8 /* UIColor+Extension.swift */,
				F3B809531E66C30B00AF7F00 /* NSDate+Extension.swift */,
			);
			path = Extension;
			sourceTree = "<group>";
		};
		F3949C4A1E642C180017FCE2 = {
			isa = PBXGroup;
			children = (
				F3949C551E642C180017FCE2 /* LSPDouYuTV */,
				F3949C541E642C180017FCE2 /* Products */,
				A638C3589BECE6493AA4DBA2 /* Pods */,
				7D7726F33F54EE3168DF19D1 /* Frameworks */,
			);
			sourceTree = "<group>";
		};
		F3949C541E642C180017FCE2 /* Products */ = {
			isa = PBXGroup;
			children = (
				F3949C531E642C180017FCE2 /* LSPDouYuTV.app */,
			);
			name = Products;
			sourceTree = "<group>";
		};
		F3949C551E642C180017FCE2 /* LSPDouYuTV */ = {
			isa = PBXGroup;
			children = (
				F3949C561E642C180017FCE2 /* AppDelegate.swift */,
				F3E13D881E64387E0053978C /* Classes */,
				F32F82B81E651D98006500F8 /* Common.swift */,
				F3B8094E1E66B93A00AF7F00 /* NetworkTools.swift */,
				F3949C5D1E642C180017FCE2 /* Assets.xcassets */,
				F3949C5F1E642C180017FCE2 /* LaunchScreen.storyboard */,
				F3949C621E642C180017FCE2 /* Info.plist */,
			);
			path = LSPDouYuTV;
			sourceTree = "<group>";
		};
		F3B809501E66BCBA00AF7F00 /* ViewModel */ = {
			isa = PBXGroup;
			children = (
				F3B809511E66BCFE00AF7F00 /* LSRecommendViewModel.swift */,
				F3993CEF1E693E9300348E51 /* LSGameViewModel.swift */,
			);
			path = ViewModel;
			sourceTree = "<group>";
		};
		F3E13D881E64387E0053978C /* Classes */ = {
			isa = PBXGroup;
			children = (
				F3E13D8C1E64387E0053978C /* Main */,
				F3E13D8A1E64387E0053978C /* Home */,
				F3E13D8B1E64387E0053978C /* Live */,
				F3E13D891E64387E0053978C /* Follow */,
				F3E13D8D1E64387E0053978C /* Mine */,
				F3E13D8E1E64387E0053978C /* Tools */,
			);
			path = Classes;
			sourceTree = "<group>";
		};
		F3E13D891E64387E0053978C /* Follow */ = {
			isa = PBXGroup;
			children = (
				F3E13DA21E6445C00053978C /* Follow.storyboard */,
			);
			path = Follow;
			sourceTree = "<group>";
		};
		F3E13D8A1E64387E0053978C /* Home */ = {
			isa = PBXGroup;
			children = (
				F3B809501E66BCBA00AF7F00 /* ViewModel */,
				F32F82AC1E650C7D006500F8 /* Model */,
				F32F82AD1E650C7D006500F8 /* View */,
				F32F82AB1E650C7D006500F8 /* Controller */,
			);
			path = Home;
			sourceTree = "<group>";
		};
		F3E13D8B1E64387E0053978C /* Live */ = {
			isa = PBXGroup;
			children = (
				F3E13DA61E64480E0053978C /* Live.storyboard */,
			);
			path = Live;
			sourceTree = "<group>";
		};
		F3E13D8C1E64387E0053978C /* Main */ = {
			isa = PBXGroup;
			children = (
				F32F82AF1E650D6B006500F8 /* Model */,
				F32F82B01E650D6B006500F8 /* View */,
				F32F82AE1E650D6B006500F8 /* Controller */,
			);
			path = Main;
			sourceTree = "<group>";
		};
		F3E13D8D1E64387E0053978C /* Mine */ = {
			isa = PBXGroup;
			children = (
				F3E13DA41E6445C60053978C /* Mine.storyboard */,
			);
			path = Mine;
			sourceTree = "<group>";
		};
		F3E13D8E1E64387E0053978C /* Tools */ = {
			isa = PBXGroup;
			children = (
				F32F82B31E65132B006500F8 /* Extension */,
			);
			path = Tools;
			sourceTree = "<group>";
		};
/* End PBXGroup section */

/* Begin PBXNativeTarget section */
		F3949C521E642C180017FCE2 /* LSPDouYuTV */ = {
			isa = PBXNativeTarget;
			buildConfigurationList = F3949C651E642C180017FCE2 /* Build configuration list for PBXNativeTarget "LSPDouYuTV" */;
			buildPhases = (
				3F8F98F528C1A19AFD0AEF9B /* [CP] Check Pods Manifest.lock */,
				F3949C4F1E642C180017FCE2 /* Sources */,
				F3949C501E642C180017FCE2 /* Frameworks */,
				F3949C511E642C180017FCE2 /* Resources */,
				37C30B705A25DFB82D4724A6 /* [CP] Embed Pods Frameworks */,
				6D66C85CC144143DA4F64B86 /* [CP] Copy Pods Resources */,
			);
			buildRules = (
			);
			dependencies = (
			);
			name = LSPDouYuTV;
			productName = LSPDouYuTV;
			productReference = F3949C531E642C180017FCE2 /* LSPDouYuTV.app */;
			productType = "com.apple.product-type.application";
		};
/* End PBXNativeTarget section */

/* Begin PBXProject section */
		F3949C4B1E642C180017FCE2 /* Project object */ = {
			isa = PBXProject;
			attributes = {
				CLASSPREFIX = LS;
				LastSwiftUpdateCheck = 0820;
				LastUpgradeCheck = 0820;
				ORGANIZATIONNAME = lishaopeng;
				TargetAttributes = {
					F3949C521E642C180017FCE2 = {
						CreatedOnToolsVersion = 8.2.1;
						DevelopmentTeam = 2F5MVB69AU;
						ProvisioningStyle = Automatic;
					};
				};
			};
			buildConfigurationList = F3949C4E1E642C180017FCE2 /* Build configuration list for PBXProject "LSPDouYuTV" */;
			compatibilityVersion = "Xcode 3.2";
			developmentRegion = English;
			hasScannedForEncodings = 0;
			knownRegions = (
				en,
				Base,
			);
			mainGroup = F3949C4A1E642C180017FCE2;
			productRefGroup = F3949C541E642C180017FCE2 /* Products */;
			projectDirPath = "";
			projectRoot = "";
			targets = (
				F3949C521E642C180017FCE2 /* LSPDouYuTV */,
			);
		};
/* End PBXProject section */

/* Begin PBXResourcesBuildPhase section */
		F3949C511E642C180017FCE2 /* Resources */ = {
			isa = PBXResourcesBuildPhase;
			buildActionMask = 2147483647;
			files = (
				F3949C611E642C180017FCE2 /* LaunchScreen.storyboard in Resources */,
				F3949C5E1E642C180017FCE2 /* Assets.xcassets in Resources */,
				F32F82C31E666C6A006500F8 /* LSCollectionHeaderView.xib in Resources */,
				F32F82C71E667066006500F8 /* LSCollectionNormalCell.xib in Resources */,
				F389286B1E6830C500C3CEDA /* LSCycleCollectionViewCell.xib in Resources */,
				F3949C5C1E642C180017FCE2 /* Main.storyboard in Resources */,
				F3993CE81E6901E300348E51 /* LSRecommendGameView.xib in Resources */,
				F3E13DA51E6445C60053978C /* Mine.storyboard in Resources */,
				F38928651E681C1400C3CEDA /* LSRecommendCycleView.xib in Resources */,
				F3B8092B1E6677C500AF7F00 /* LSCollectionPrettyCell.xib in Resources */,
				F3E13D9F1E6445AD0053978C /* Home.storyboard in Resources */,
				F3E13DA31E6445C00053978C /* Follow.storyboard in Resources */,
				F3993CEC1E6908F100348E51 /* LSCollectionGameCell.xib in Resources */,
				F3E13DA71E64480E0053978C /* Live.storyboard in Resources */,
			);
			runOnlyForDeploymentPostprocessing = 0;
		};
/* End PBXResourcesBuildPhase section */

/* Begin PBXShellScriptBuildPhase section */
		37C30B705A25DFB82D4724A6 /* [CP] Embed Pods Frameworks */ = {
			isa = PBXShellScriptBuildPhase;
			buildActionMask = 2147483647;
			files = (
			);
			inputPaths = (
			);
			name = "[CP] Embed Pods Frameworks";
			outputPaths = (
			);
			runOnlyForDeploymentPostprocessing = 0;
			shellPath = /bin/sh;
			shellScript = "\"${SRCROOT}/Pods/Target Support Files/Pods-LSPDouYuTV/Pods-LSPDouYuTV-frameworks.sh\"\n";
			showEnvVarsInLog = 0;
		};
		3F8F98F528C1A19AFD0AEF9B /* [CP] Check Pods Manifest.lock */ = {
			isa = PBXShellScriptBuildPhase;
			buildActionMask = 2147483647;
			files = (
			);
			inputPaths = (
			);
			name = "[CP] Check Pods Manifest.lock";
			outputPaths = (
			);
			runOnlyForDeploymentPostprocessing = 0;
			shellPath = /bin/sh;
			shellScript = "diff \"${PODS_ROOT}/../Podfile.lock\" \"${PODS_ROOT}/Manifest.lock\" > /dev/null\nif [ $? != 0 ] ; then\n    # print error to STDERR\n    echo \"error: The sandbox is not in sync with the Podfile.lock. Run 'pod install' or update your CocoaPods installation.\" >&2\n    exit 1\nfi\n";
			showEnvVarsInLog = 0;
		};
		6D66C85CC144143DA4F64B86 /* [CP] Copy Pods Resources */ = {
			isa = PBXShellScriptBuildPhase;
			buildActionMask = 2147483647;
			files = (
			);
			inputPaths = (
			);
			name = "[CP] Copy Pods Resources";
			outputPaths = (
			);
			runOnlyForDeploymentPostprocessing = 0;
			shellPath = /bin/sh;
			shellScript = "\"${SRCROOT}/Pods/Target Support Files/Pods-LSPDouYuTV/Pods-LSPDouYuTV-resources.sh\"\n";
			showEnvVarsInLog = 0;
		};
/* End PBXShellScriptBuildPhase section */

/* Begin PBXSourcesBuildPhase section */
		F3949C4F1E642C180017FCE2 /* Sources */ = {
			isa = PBXSourcesBuildPhase;
			buildActionMask = 2147483647;
			files = (
				F32F82B51E651352006500F8 /* UIBarButtonItem+Extension.swift in Sources */,
				F32F82B21E650DAF006500F8 /* LSHomeViewController.swift in Sources */,
				F365787A1E69412A00F872C3 /* LSGameModel.swift in Sources */,
				F3993CE61E6901D400348E51 /* LSRecommendGameView.swift in Sources */,
				F3B809581E66CD1F00AF7F00 /* LSAnchorModel.swift in Sources */,
				F3993CF01E693E9400348E51 /* LSGameViewModel.swift in Sources */,
				F3E13D9D1E6445460053978C /* LSMainViewController.swift in Sources */,
				F32F82B71E651BD7006500F8 /* LSPageTitleView.swift in Sources */,
				F32F82C21E666C6A006500F8 /* LSCollectionHeaderView.swift in Sources */,
				F3E2E1831E66F22E00CA8965 /* LSBaseCollectionViewCell.swift in Sources */,
				F365787C1E6942B100F872C3 /* LSBaseGameModel.swift in Sources */,
				F3B809561E66C8C900AF7F00 /* LSAnchorGroup.swift in Sources */,
				F389286A1E6830C500C3CEDA /* LSCycleCollectionViewCell.swift in Sources */,
				F32F82BB1E6528AD006500F8 /* LSPageContentView.swift in Sources */,
				F3B8092A1E6677C500AF7F00 /* LSCollectionPrettyCell.swift in Sources */,
				F3993CEB1E6908F100348E51 /* LSCollectionGameCell.swift in Sources */,
				F3993CEE1E6919BB00348E51 /* LSGameViewController.swift in Sources */,
				F32F82B91E651D98006500F8 /* Common.swift in Sources */,
				F32F82C61E667066006500F8 /* LSCollectionNormalCell.swift in Sources */,
				F38928631E681BE000C3CEDA /* LSRecommendCycleView.swift in Sources */,
				F3B809541E66C30B00AF7F00 /* NSDate+Extension.swift in Sources */,
				F3949C571E642C180017FCE2 /* AppDelegate.swift in Sources */,
				F3B809521E66BCFE00AF7F00 /* LSRecommendViewModel.swift in Sources */,
				F32F82BF1E6581CC006500F8 /* LSRecommendViewController.swift in Sources */,
				F38928671E682BD200C3CEDA /* LSCycleModel.swift in Sources */,
				F3B8094F1E66B93A00AF7F00 /* NetworkTools.swift in Sources */,
				F32F82BD1E652C36006500F8 /* UIColor+Extension.swift in Sources */,
			);
			runOnlyForDeploymentPostprocessing = 0;
		};
/* End PBXSourcesBuildPhase section */

/* Begin PBXVariantGroup section */
		F3949C5A1E642C180017FCE2 /* Main.storyboard */ = {
			isa = PBXVariantGroup;
			children = (
				F3949C5B1E642C180017FCE2 /* Base */,
			);
			name = Main.storyboard;
			path = ../../..;
			sourceTree = "<group>";
		};
		F3949C5F1E642C180017FCE2 /* LaunchScreen.storyboard */ = {
			isa = PBXVariantGroup;
			children = (
				F3949C601E642C180017FCE2 /* Base */,
			);
			name = LaunchScreen.storyboard;
			sourceTree = "<group>";
		};
/* End PBXVariantGroup section */

/* Begin XCBuildConfiguration section */
		F3949C631E642C180017FCE2 /* Debug */ = {
			isa = XCBuildConfiguration;
			buildSettings = {
				ALWAYS_SEARCH_USER_PATHS = NO;
				CLANG_ANALYZER_NONNULL = YES;
				CLANG_CXX_LANGUAGE_STANDARD = "gnu++0x";
				CLANG_CXX_LIBRARY = "libc++";
				CLANG_ENABLE_MODULES = YES;
				CLANG_ENABLE_OBJC_ARC = YES;
				CLANG_WARN_BOOL_CONVERSION = YES;
				CLANG_WARN_CONSTANT_CONVERSION = YES;
				CLANG_WARN_DIRECT_OBJC_ISA_USAGE = YES_ERROR;
				CLANG_WARN_DOCUMENTATION_COMMENTS = YES;
				CLANG_WARN_EMPTY_BODY = YES;
				CLANG_WARN_ENUM_CONVERSION = YES;
				CLANG_WARN_INFINITE_RECURSION = YES;
				CLANG_WARN_INT_CONVERSION = YES;
				CLANG_WARN_OBJC_ROOT_CLASS = YES_ERROR;
				CLANG_WARN_SUSPICIOUS_MOVE = YES;
				CLANG_WARN_UNREACHABLE_CODE = YES;
				CLANG_WARN__DUPLICATE_METHOD_MATCH = YES;
				"CODE_SIGN_IDENTITY[sdk=iphoneos*]" = "iPhone Developer";
				COPY_PHASE_STRIP = NO;
				DEBUG_INFORMATION_FORMAT = dwarf;
				ENABLE_STRICT_OBJC_MSGSEND = YES;
				ENABLE_TESTABILITY = YES;
				GCC_C_LANGUAGE_STANDARD = gnu99;
				GCC_DYNAMIC_NO_PIC = NO;
				GCC_NO_COMMON_BLOCKS = YES;
				GCC_OPTIMIZATION_LEVEL = 0;
				GCC_PREPROCESSOR_DEFINITIONS = (
					"DEBUG=1",
					"$(inherited)",
				);
				GCC_WARN_64_TO_32_BIT_CONVERSION = YES;
				GCC_WARN_ABOUT_RETURN_TYPE = YES_ERROR;
				GCC_WARN_UNDECLARED_SELECTOR = YES;
				GCC_WARN_UNINITIALIZED_AUTOS = YES_AGGRESSIVE;
				GCC_WARN_UNUSED_FUNCTION = YES;
				GCC_WARN_UNUSED_VARIABLE = YES;
				IPHONEOS_DEPLOYMENT_TARGET = 10.2;
				MTL_ENABLE_DEBUG_INFO = YES;
				ONLY_ACTIVE_ARCH = YES;
				SDKROOT = iphoneos;
				SWIFT_ACTIVE_COMPILATION_CONDITIONS = DEBUG;
				SWIFT_OPTIMIZATION_LEVEL = "-Onone";
			};
			name = Debug;
		};
		F3949C641E642C180017FCE2 /* Release */ = {
			isa = XCBuildConfiguration;
			buildSettings = {
				ALWAYS_SEARCH_USER_PATHS = NO;
				CLANG_ANALYZER_NONNULL = YES;
				CLANG_CXX_LANGUAGE_STANDARD = "gnu++0x";
				CLANG_CXX_LIBRARY = "libc++";
				CLANG_ENABLE_MODULES = YES;
				CLANG_ENABLE_OBJC_ARC = YES;
				CLANG_WARN_BOOL_CONVERSION = YES;
				CLANG_WARN_CONSTANT_CONVERSION = YES;
				CLANG_WARN_DIRECT_OBJC_ISA_USAGE = YES_ERROR;
				CLANG_WARN_DOCUMENTATION_COMMENTS = YES;
				CLANG_WARN_EMPTY_BODY = YES;
				CLANG_WARN_ENUM_CONVERSION = YES;
				CLANG_WARN_INFINITE_RECURSION = YES;
				CLANG_WARN_INT_CONVERSION = YES;
				CLANG_WARN_OBJC_ROOT_CLASS = YES_ERROR;
				CLANG_WARN_SUSPICIOUS_MOVE = YES;
				CLANG_WARN_UNREACHABLE_CODE = YES;
				CLANG_WARN__DUPLICATE_METHOD_MATCH = YES;
				"CODE_SIGN_IDENTITY[sdk=iphoneos*]" = "iPhone Developer";
				COPY_PHASE_STRIP = NO;
				DEBUG_INFORMATION_FORMAT = "dwarf-with-dsym";
				ENABLE_NS_ASSERTIONS = NO;
				ENABLE_STRICT_OBJC_MSGSEND = YES;
				GCC_C_LANGUAGE_STANDARD = gnu99;
				GCC_NO_COMMON_BLOCKS = YES;
				GCC_WARN_64_TO_32_BIT_CONVERSION = YES;
				GCC_WARN_ABOUT_RETURN_TYPE = YES_ERROR;
				GCC_WARN_UNDECLARED_SELECTOR = YES;
				GCC_WARN_UNINITIALIZED_AUTOS = YES_AGGRESSIVE;
				GCC_WARN_UNUSED_FUNCTION = YES;
				GCC_WARN_UNUSED_VARIABLE = YES;
				IPHONEOS_DEPLOYMENT_TARGET = 10.2;
				MTL_ENABLE_DEBUG_INFO = NO;
				SDKROOT = iphoneos;
				SWIFT_OPTIMIZATION_LEVEL = "-Owholemodule";
				VALIDATE_PRODUCT = YES;
			};
			name = Release;
		};
		F3949C661E642C180017FCE2 /* Debug */ = {
			isa = XCBuildConfiguration;
			baseConfigurationReference = 505666D1BAB7CF7B899D2D8B /* Pods-LSPDouYuTV.debug.xcconfig */;
			buildSettings = {
				ASSETCATALOG_COMPILER_APPICON_NAME = AppIcon;
				ASSETCATALOG_COMPILER_LAUNCHIMAGE_NAME = LaunchImage;
				DEVELOPMENT_TEAM = 2F5MVB69AU;
				INFOPLIST_FILE = LSPDouYuTV/Info.plist;
				IPHONEOS_DEPLOYMENT_TARGET = 8.0;
				LD_RUNPATH_SEARCH_PATHS = "$(inherited) @executable_path/Frameworks";
				PRODUCT_BUNDLE_IDENTIFIER = com.hanju.LSPDouYuTV;
				PRODUCT_NAME = "$(TARGET_NAME)";
				SWIFT_VERSION = 3.0;
			};
			name = Debug;
		};
		F3949C671E642C180017FCE2 /* Release */ = {
			isa = XCBuildConfiguration;
			baseConfigurationReference = 85C4974840A8D97C9283B22F /* Pods-LSPDouYuTV.release.xcconfig */;
			buildSettings = {
				ASSETCATALOG_COMPILER_APPICON_NAME = AppIcon;
				ASSETCATALOG_COMPILER_LAUNCHIMAGE_NAME = LaunchImage;
				DEVELOPMENT_TEAM = 2F5MVB69AU;
				INFOPLIST_FILE = LSPDouYuTV/Info.plist;
				IPHONEOS_DEPLOYMENT_TARGET = 8.0;
				LD_RUNPATH_SEARCH_PATHS = "$(inherited) @executable_path/Frameworks";
				PRODUCT_BUNDLE_IDENTIFIER = com.hanju.LSPDouYuTV;
				PRODUCT_NAME = "$(TARGET_NAME)";
				SWIFT_VERSION = 3.0;
			};
			name = Release;
		};
/* End XCBuildConfiguration section */

/* Begin XCConfigurationList section */
		F3949C4E1E642C180017FCE2 /* Build configuration list for PBXProject "LSPDouYuTV" */ = {
			isa = XCConfigurationList;
			buildConfigurations = (
				F3949C631E642C180017FCE2 /* Debug */,
				F3949C641E642C180017FCE2 /* Release */,
			);
			defaultConfigurationIsVisible = 0;
			defaultConfigurationName = Release;
		};
		F3949C651E642C180017FCE2 /* Build configuration list for PBXNativeTarget "LSPDouYuTV" */ = {
			isa = XCConfigurationList;
			buildConfigurations = (
				F3949C661E642C180017FCE2 /* Debug */,
				F3949C671E642C180017FCE2 /* Release */,
			);
			defaultConfigurationIsVisible = 0;
			defaultConfigurationName = Release;
		};
/* End XCConfigurationList section */
	};
	rootObject = F3949C4B1E642C180017FCE2 /* Project object */;
}
