// !$*UTF8*$!
{
	archiveVersion = 1;
	classes = {
	};
	objectVersion = 46;
	objects = {

/* Begin PBXBuildFile section */
		F3949C571E642C180017FCE2 /* AppDelegate.swift in Sources */ = {isa = PBXBuildFile; fileRef = F3949C561E642C180017FCE2 /* AppDelegate.swift */; };
		F3949C591E642C180017FCE2 /* ViewController.swift in Sources */ = {isa = PBXBuildFile; fileRef = F3949C581E642C180017FCE2 /* ViewController.swift */; };
		F3949C5C1E642C180017FCE2 /* Main.storyboard in Resources */ = {isa = PBXBuildFile; fileRef = F3949C5A1E642C180017FCE2 /* Main.storyboard */; };
		F3949C5E1E642C180017FCE2 /* Assets.xcassets in Resources */ = {isa = PBXBuildFile; fileRef = F3949C5D1E642C180017FCE2 /* Assets.xcassets */; };
		F3949C611E642C180017FCE2 /* LaunchScreen.storyboard in Resources */ = {isa = PBXBuildFile; fileRef = F3949C5F1E642C180017FCE2 /* LaunchScreen.storyboard */; };
/* End PBXBuildFile section */

/* Begin PBXFileReference section */
		F3949C531E642C180017FCE2 /* LSPDouYuTV.app */ = {isa = PBXFileReference; explicitFileType = wrapper.application; includeInIndex = 0; path = LSPDouYuTV.app; sourceTree = BUILT_PRODUCTS_DIR; };
		F3949C561E642C180017FCE2 /* AppDelegate.swift */ = {isa = PBXFileReference; lastKnownFileType = sourcecode.swift; path = AppDelegate.swift; sourceTree = "<group>"; };
		F3949C581E642C180017FCE2 /* ViewController.swift */ = {isa = PBXFileReference; lastKnownFileType = sourcecode.swift; path = ViewController.swift; sourceTree = "<group>"; };
		F3949C5B1E642C180017FCE2 /* Base */ = {isa = PBXFileReference; lastKnownFileType = file.storyboard; name = Base; path = Base.lproj/Main.storyboard; sourceTree = "<group>"; };
		F3949C5D1E642C180017FCE2 /* Assets.xcassets */ = {isa = PBXFileReference; lastKnownFileType = folder.assetcatalog; path = Assets.xcassets; sourceTree = "<group>"; };
		F3949C601E642C180017FCE2 /* Base */ = {isa = PBXFileReference; lastKnownFileType = file.storyboard; name = Base; path = Base.lproj/LaunchScreen.storyboard; sourceTree = "<group>"; };
		F3949C621E642C180017FCE2 /* Info.plist */ = {isa = PBXFileReference; lastKnownFileType = text.plist.xml; path = Info.plist; sourceTree = "<group>"; };
/* End PBXFileReference section */

/* Begin PBXFrameworksBuildPhase section */
		F3949C501E642C180017FCE2 /* Frameworks */ = {
			isa = PBXFrameworksBuildPhase;
			buildActionMask = 2147483647;
			files = (
			);
			runOnlyForDeploymentPostprocessing = 0;
		};
/* End PBXFrameworksBuildPhase section */

/* Begin PBXGroup section */
		F3949C4A1E642C180017FCE2 = {
			isa = PBXGroup;
			children = (
				F3949C551E642C180017FCE2 /* LSPDouYuTV */,
				F3949C541E642C180017FCE2 /* Products */,
			);
			sourceTree = "<group>";
		};
		F3949C541E642C180017FCE2 /* Products */ = {
			isa = PBXGroup;
			children = (
				F3949C531E642C180017FCE2 /* LSPDouYuTV.app */,
			);
			name = Products;
			sourceTree = "<group>";
		};
		F3949C551E642C180017FCE2 /* LSPDouYuTV */ = {
			isa = PBXGroup;
			children = (
				F3949C561E642C180017FCE2 /* AppDelegate.swift */,
				F3949C581E642C180017FCE2 /* ViewController.swift */,
				F3949C5A1E642C180017FCE2 /* Main.storyboard */,
				F3949C5D1E642C180017FCE2 /* Assets.xcassets */,
				F3949C5F1E642C180017FCE2 /* LaunchScreen.storyboard */,
				F3949C621E642C180017FCE2 /* Info.plist */,
			);
			path = LSPDouYuTV;
			sourceTree = "<group>";
		};
/* End PBXGroup section */

/* Begin PBXNativeTarget section */
		F3949C521E642C180017FCE2 /* LSPDouYuTV */ = {
			isa = PBXNativeTarget;
			buildConfigurationList = F3949C651E642C180017FCE2 /* Build configuration list for PBXNativeTarget "LSPDouYuTV" */;
			buildPhases = (
				F3949C4F1E642C180017FCE2 /* Sources */,
				F3949C501E642C180017FCE2 /* Frameworks */,
				F3949C511E642C180017FCE2 /* Resources */,
			);
			buildRules = (
			);
			dependencies = (
			);
			name = LSPDouYuTV;
			productName = LSPDouYuTV;
			productReference = F3949C531E642C180017FCE2 /* LSPDouYuTV.app */;
			productType = "com.apple.product-type.application";
		};
/* End PBXNativeTarget section */

/* Begin PBXProject section */
		F3949C4B1E642C180017FCE2 /* Project object */ = {
			isa = PBXProject;
			attributes = {
				LastSwiftUpdateCheck = 0820;
				LastUpgradeCheck = 0820;
				ORGANIZATIONNAME = lishaopeng;
				TargetAttributes = {
					F3949C521E642C180017FCE2 = {
						CreatedOnToolsVersion = 8.2.1;
						ProvisioningStyle = Automatic;
					};
				};
			};
			buildConfigurationList = F3949C4E1E642C180017FCE2 /* Build configuration list for PBXProject "LSPDouYuTV" */;
			compatibilityVersion = "Xcode 3.2";
			developmentRegion = English;
			hasScannedForEncodings = 0;
			knownRegions = (
				en,
				Base,
			);
			mainGroup = F3949C4A1E642C180017FCE2;
			productRefGroup = F3949C541E642C180017FCE2 /* Products */;
			projectDirPath = "";
			projectRoot = "";
			targets = (
				F3949C521E642C180017FCE2 /* LSPDouYuTV */,
			);
		};
/* End PBXProject section */

/* Begin PBXResourcesBuildPhase section */
		F3949C511E642C180017FCE2 /* Resources */ = {
			isa = PBXResourcesBuildPhase;
			buildActionMask = 2147483647;
			files = (
				F3949C611E642C180017FCE2 /* LaunchScreen.storyboard in Resources */,
				F3949C5E1E642C180017FCE2 /* Assets.xcassets in Resources */,
				F3949C5C1E642C180017FCE2 /* Main.storyboard in Resources */,
			);
			runOnlyForDeploymentPostprocessing = 0;
		};
/* End PBXResourcesBuildPhase section */

/* Begin PBXSourcesBuildPhase section */
		F3949C4F1E642C180017FCE2 /* Sources */ = {
			isa = PBXSourcesBuildPhase;
			buildActionMask = 2147483647;
			files = (
				F3949C591E642C180017FCE2 /* ViewController.swift in Sources */,
				F3949C571E642C180017FCE2 /* AppDelegate.swift in Sources */,
			);
			runOnlyForDeploymentPostprocessing = 0;
		};
/* End PBXSourcesBuildPhase section */

/* Begin PBXVariantGroup section */
		F3949C5A1E642C180017FCE2 /* Main.storyboard */ = {
			isa = PBXVariantGroup;
			children = (
				F3949C5B1E642C180017FCE2 /* Base */,
			);
			name = Main.storyboard;
			sourceTree = "<group>";
		};
		F3949C5F1E642C180017FCE2 /* LaunchScreen.storyboard */ = {
			isa = PBXVariantGroup;
			children = (
				F3949C601E642C180017FCE2 /* Base */,
			);
			name = LaunchScreen.storyboard;
			sourceTree = "<group>";
		};
/* End PBXVariantGroup section */

/* Begin XCBuildConfiguration section */
		F3949C631E642C180017FCE2 /* Debug */ = {
			isa = XCBuildConfiguration;
			buildSettings = {
				ALWAYS_SEARCH_USER_PATHS = NO;
				CLANG_ANALYZER_NONNULL = YES;
				CLANG_CXX_LANGUAGE_STANDARD = "gnu++0x";
				CLANG_CXX_LIBRARY = "libc++";
				CLANG_ENABLE_MODULES = YES;
				CLANG_ENABLE_OBJC_ARC = YES;
				CLANG_WARN_BOOL_CONVERSION = YES;
				CLANG_WARN_CONSTANT_CONVERSION = YES;
				CLANG_WARN_DIRECT_OBJC_ISA_USAGE = YES_ERROR;
				CLANG_WARN_DOCUMENTATION_COMMENTS = YES;
				CLANG_WARN_EMPTY_BODY = YES;
				CLANG_WARN_ENUM_CONVERSION = YES;
				CLANG_WARN_INFINITE_RECURSION = YES;
				CLANG_WARN_INT_CONVERSION = YES;
				CLANG_WARN_OBJC_ROOT_CLASS = YES_ERROR;
				CLANG_WARN_SUSPICIOUS_MOVE = YES;
				CLANG_WARN_UNREACHABLE_CODE = YES;
				CLANG_WARN__DUPLICATE_METHOD_MATCH = YES;
				"CODE_SIGN_IDENTITY[sdk=iphoneos*]" = "iPhone Developer";
				COPY_PHASE_STRIP = NO;
				DEBUG_INFORMATION_FORMAT = dwarf;
				ENABLE_STRICT_OBJC_MSGSEND = YES;
				ENABLE_TESTABILITY = YES;
				GCC_C_LANGUAGE_STANDARD = gnu99;
				GCC_DYNAMIC_NO_PIC = NO;
				GCC_NO_COMMON_BLOCKS = YES;
				GCC_OPTIMIZATION_LEVEL = 0;
				GCC_PREPROCESSOR_DEFINITIONS = (
					"DEBUG=1",
					"$(inherited)",
				);
				GCC_WARN_64_TO_32_BIT_CONVERSION = YES;
				GCC_WARN_ABOUT_RETURN_TYPE = YES_ERROR;
				GCC_WARN_UNDECLARED_SELECTOR = YES;
				GCC_WARN_UNINITIALIZED_AUTOS = YES_AGGRESSIVE;
				GCC_WARN_UNUSED_FUNCTION = YES;
				GCC_WARN_UNUSED_VARIABLE = YES;
				IPHONEOS_DEPLOYMENT_TARGET = 10.2;
				MTL_ENABLE_DEBUG_INFO = YES;
				ONLY_ACTIVE_ARCH = YES;
				SDKROOT = iphoneos;
				SWIFT_ACTIVE_COMPILATION_CONDITIONS = DEBUG;
				SWIFT_OPTIMIZATION_LEVEL = "-Onone";
			};
			name = Debug;
		};
		F3949C641E642C180017FCE2 /* Release */ = {
			isa = XCBuildConfiguration;
			buildSettings = {
				ALWAYS_SEARCH_USER_PATHS = NO;
				CLANG_ANALYZER_NONNULL = YES;
				CLANG_CXX_LANGUAGE_STANDARD = "gnu++0x";
				CLANG_CXX_LIBRARY = "libc++";
				CLANG_ENABLE_MODULES = YES;
				CLANG_ENABLE_OBJC_ARC = YES;
				CLANG_WARN_BOOL_CONVERSION = YES;
				CLANG_WARN_CONSTANT_CONVERSION = YES;
				CLANG_WARN_DIRECT_OBJC_ISA_USAGE = YES_ERROR;
				CLANG_WARN_DOCUMENTATION_COMMENTS = YES;
				CLANG_WARN_EMPTY_BODY = YES;
				CLANG_WARN_ENUM_CONVERSION = YES;
				CLANG_WARN_INFINITE_RECURSION = YES;
				CLANG_WARN_INT_CONVERSION = YES;
				CLANG_WARN_OBJC_ROOT_CLASS = YES_ERROR;
				CLANG_WARN_SUSPICIOUS_MOVE = YES;
				CLANG_WARN_UNREACHABLE_CODE = YES;
				CLANG_WARN__DUPLICATE_METHOD_MATCH = YES;
				"CODE_SIGN_IDENTITY[sdk=iphoneos*]" = "iPhone Developer";
				COPY_PHASE_STRIP = NO;
				DEBUG_INFORMATION_FORMAT = "dwarf-with-dsym";
				ENABLE_NS_ASSERTIONS = NO;
				ENABLE_STRICT_OBJC_MSGSEND = YES;
				GCC_C_LANGUAGE_STANDARD = gnu99;
				GCC_NO_COMMON_BLOCKS = YES;
				GCC_WARN_64_TO_32_BIT_CONVERSION = YES;
				GCC_WARN_ABOUT_RETURN_TYPE = YES_ERROR;
				GCC_WARN_UNDECLARED_SELECTOR = YES;
				GCC_WARN_UNINITIALIZED_AUTOS = YES_AGGRESSIVE;
				GCC_WARN_UNUSED_FUNCTION = YES;
				GCC_WARN_UNUSED_VARIABLE = YES;
				IPHONEOS_DEPLOYMENT_TARGET = 10.2;
				MTL_ENABLE_DEBUG_INFO = NO;
				SDKROOT = iphoneos;
				SWIFT_OPTIMIZATION_LEVEL = "-Owholemodule";
				VALIDATE_PRODUCT = YES;
			};
			name = Release;
		};
		F3949C661E642C180017FCE2 /* Debug */ = {
			isa = XCBuildConfiguration;
			buildSettings = {
				ASSETCATALOG_COMPILER_APPICON_NAME = AppIcon;
				INFOPLIST_FILE = LSPDouYuTV/Info.plist;
				LD_RUNPATH_SEARCH_PATHS = "$(inherited) @executable_path/Frameworks";
				PRODUCT_BUNDLE_IDENTIFIER = com.hanju.LSPDouYuTV;
				PRODUCT_NAME = "$(TARGET_NAME)";
				SWIFT_VERSION = 3.0;
			};
			name = Debug;
		};
		F3949C671E642C180017FCE2 /* Release */ = {
			isa = XCBuildConfiguration;
			buildSettings = {
				ASSETCATALOG_COMPILER_APPICON_NAME = AppIcon;
				INFOPLIST_FILE = LSPDouYuTV/Info.plist;
				LD_RUNPATH_SEARCH_PATHS = "$(inherited) @executable_path/Frameworks";
				PRODUCT_BUNDLE_IDENTIFIER = com.hanju.LSPDouYuTV;
				PRODUCT_NAME = "$(TARGET_NAME)";
				SWIFT_VERSION = 3.0;
			};
			name = Release;
		};
/* End XCBuildConfiguration section */

/* Begin XCConfigurationList section */
		F3949C4E1E642C180017FCE2 /* Build configuration list for PBXProject "LSPDouYuTV" */ = {
			isa = XCConfigurationList;
			buildConfigurations = (
				F3949C631E642C180017FCE2 /* Debug */,
				F3949C641E642C180017FCE2 /* Release */,
			);
			defaultConfigurationIsVisible = 0;
			defaultConfigurationName = Release;
		};
		F3949C651E642C180017FCE2 /* Build configuration list for PBXNativeTarget "LSPDouYuTV" */ = {
			isa = XCConfigurationList;
			buildConfigurations = (
				F3949C661E642C180017FCE2 /* Debug */,
				F3949C671E642C180017FCE2 /* Release */,
			);
			defaultConfigurationIsVisible = 0;
		};
/* End XCConfigurationList section */
	};
	rootObject = F3949C4B1E642C180017FCE2 /* Project object */;
}
